
Microsoft Visual Studio Solution File, Format Version 12.00
# Visual Studio Version 17
VisualStudioVersion = 17.0.31903.59
MinimumVisualStudioVersion = 10.0.40219.1
Project("{2150E333-8FDC-42A3-9474-1A3956D46DE8}") = "src", "src", "{827E0CD3-B72D-47B6-A68D-7590B98EB39B}"
EndProject
Project("{2150E333-8FDC-42A3-9474-1A3956D46DE8}") = "BuildingBlocks", "BuildingBlocks", "{90298CBA-BD6F-3A0A-69D5-97CAD7B05E7E}"
EndProject
Project("{FAE04EC0-301F-11D3-BF4B-00C04F79EFBC}") = "Engitrack.BuildingBlocks", "src\BuildingBlocks\Engitrack.BuildingBlocks.csproj", "{E0D48FF1-ADC6-4623-ABA1-07FD46CA2B9C}"
EndProject
Project("{2150E333-8FDC-42A3-9474-1A3956D46DE8}") = "Projects", "Projects", "{D587D8B4-E7C0-3FD6-56A9-41FC457B6096}"
EndProject
Project("{FAE04EC0-301F-11D3-BF4B-00C04F79EFBC}") = "Engitrack.Projects.Domain", "src\Projects\Engitrack.Projects.Domain\Engitrack.Projects.Domain.csproj", "{6A64477B-3B56-48A7-9DCE-2C1B3DEE9C0A}"
EndProject
Project("{FAE04EC0-301F-11D3-BF4B-00C04F79EFBC}") = "Engitrack.Projects.Application", "src\Projects\Engitrack.Projects.Application\Engitrack.Projects.Application.csproj", "{2BC86CD6-E5B1-4033-AD36-FA098F5F92DA}"
EndProject
Project("{FAE04EC0-301F-11D3-BF4B-00C04F79EFBC}") = "Engitrack.Projects.Infrastructure", "src\Projects\Engitrack.Projects.Infrastructure\Engitrack.Projects.Infrastructure.csproj", "{23169D2A-6016-4374-A3A2-A41C8CC6D35E}"
EndProject
Project("{2150E333-8FDC-42A3-9474-1A3956D46DE8}") = "Inventory", "Inventory", "{6646DC9B-45F7-597F-FD98-DC7F277572B1}"
EndProject
Project("{FAE04EC0-301F-11D3-BF4B-00C04F79EFBC}") = "Engitrack.Inventory.Domain", "src\Inventory\Engitrack.Inventory.Domain\Engitrack.Inventory.Domain.csproj", "{B6197944-9537-45D8-AA56-5715EB88FE74}"
EndProject
Project("{FAE04EC0-301F-11D3-BF4B-00C04F79EFBC}") = "Engitrack.Inventory.Application", "src\Inventory\Engitrack.Inventory.Application\Engitrack.Inventory.Application.csproj", "{ACF54AD1-C610-4058-9FE0-592FB0573D17}"
EndProject
Project("{FAE04EC0-301F-11D3-BF4B-00C04F79EFBC}") = "Engitrack.Inventory.Infrastructure", "src\Inventory\Engitrack.Inventory.Infrastructure\Engitrack.Inventory.Infrastructure.csproj", "{81F9FE80-42F6-4811-9DCC-3699B5139CA4}"
EndProject
Project("{2150E333-8FDC-42A3-9474-1A3956D46DE8}") = "Workers", "Workers", "{FE5F7021-A3C9-35C7-FF50-8DA81625868E}"
EndProject
Project("{FAE04EC0-301F-11D3-BF4B-00C04F79EFBC}") = "Engitrack.Workers.Domain", "src\Workers\Engitrack.Workers.Domain\Engitrack.Workers.Domain.csproj", "{F2473B1F-A769-462D-84B5-5A1BDBA35E90}"
EndProject
Project("{FAE04EC0-301F-11D3-BF4B-00C04F79EFBC}") = "Engitrack.Workers.Application", "src\Workers\Engitrack.Workers.Application\Engitrack.Workers.Application.csproj", "{E2C09C44-6AC2-4BC5-94F9-8D574E1804EA}"
EndProject
Project("{FAE04EC0-301F-11D3-BF4B-00C04F79EFBC}") = "Engitrack.Workers.Infrastructure", "src\Workers\Engitrack.Workers.Infrastructure\Engitrack.Workers.Infrastructure.csproj", "{DC7F6BE7-FAAA-4FCD-BD2F-91FDEAB647B5}"
EndProject
Project("{2150E333-8FDC-42A3-9474-1A3956D46DE8}") = "Incidents", "Incidents", "{246CE465-68B6-F4C1-881F-E7FF61B43921}"
EndProject
Project("{FAE04EC0-301F-11D3-BF4B-00C04F79EFBC}") = "Engitrack.Incidents.Domain", "src\Incidents\Engitrack.Incidents.Domain\Engitrack.Incidents.Domain.csproj", "{FBCDD49F-50FA-4561-ADB0-0467312EB1FB}"
EndProject
Project("{FAE04EC0-301F-11D3-BF4B-00C04F79EFBC}") = "Engitrack.Incidents.Application", "src\Incidents\Engitrack.Incidents.Application\Engitrack.Incidents.Application.csproj", "{2DD62DE4-06EA-4908-B7BF-380816B53E09}"
EndProject
Project("{FAE04EC0-301F-11D3-BF4B-00C04F79EFBC}") = "Engitrack.Incidents.Infrastructure", "src\Incidents\Engitrack.Incidents.Infrastructure\Engitrack.Incidents.Infrastructure.csproj", "{C193031F-57D8-41D8-8B30-439D50BA6470}"
EndProject
Project("{2150E333-8FDC-42A3-9474-1A3956D46DE8}") = "Machinery", "Machinery", "{83A65CD5-05B3-13B8-0D9F-3B72DC09378A}"
EndProject
Project("{FAE04EC0-301F-11D3-BF4B-00C04F79EFBC}") = "Engitrack.Machinery.Domain", "src\Machinery\Engitrack.Machinery.Domain\Engitrack.Machinery.Domain.csproj", "{18111F9E-FD07-4488-84CC-F2D3F199D91E}"
EndProject
Project("{FAE04EC0-301F-11D3-BF4B-00C04F79EFBC}") = "Engitrack.Machinery.Application", "src\Machinery\Engitrack.Machinery.Application\Engitrack.Machinery.Application.csproj", "{EF6CAEB4-92BD-4603-A581-58BA2D4A34D9}"
EndProject
Project("{FAE04EC0-301F-11D3-BF4B-00C04F79EFBC}") = "Engitrack.Machinery.Infrastructure", "src\Machinery\Engitrack.Machinery.Infrastructure\Engitrack.Machinery.Infrastructure.csproj", "{596F6F1C-263A-4E99-8C20-8E93766D9030}"
EndProject
Project("{2150E333-8FDC-42A3-9474-1A3956D46DE8}") = "Api", "Api", "{81034408-37C8-1011-444E-4C15C2FADA8E}"
EndProject
Project("{FAE04EC0-301F-11D3-BF4B-00C04F79EFBC}") = "Engitrack.Api", "src\Api\Engitrack.Api.csproj", "{64EBF2D0-6FCA-4857-AA55-D59F6DEF927E}"
EndProject
Global
	GlobalSection(SolutionConfigurationPlatforms) = preSolution
		Debug|Any CPU = Debug|Any CPU
		Debug|x64 = Debug|x64
		Debug|x86 = Debug|x86
		Release|Any CPU = Release|Any CPU
		Release|x64 = Release|x64
		Release|x86 = Release|x86
	EndGlobalSection
	GlobalSection(ProjectConfigurationPlatforms) = postSolution
		{E0D48FF1-ADC6-4623-ABA1-07FD46CA2B9C}.Debug|Any CPU.ActiveCfg = Debug|Any CPU
		{E0D48FF1-ADC6-4623-ABA1-07FD46CA2B9C}.Debug|Any CPU.Build.0 = Debug|Any CPU
		{E0D48FF1-ADC6-4623-ABA1-07FD46CA2B9C}.Debug|x64.ActiveCfg = Debug|Any CPU
		{E0D48FF1-ADC6-4623-ABA1-07FD46CA2B9C}.Debug|x64.Build.0 = Debug|Any CPU
		{E0D48FF1-ADC6-4623-ABA1-07FD46CA2B9C}.Debug|x86.ActiveCfg = Debug|Any CPU
		{E0D48FF1-ADC6-4623-ABA1-07FD46CA2B9C}.Debug|x86.Build.0 = Debug|Any CPU
		{E0D48FF1-ADC6-4623-ABA1-07FD46CA2B9C}.Release|Any CPU.ActiveCfg = Release|Any CPU
		{E0D48FF1-ADC6-4623-ABA1-07FD46CA2B9C}.Release|Any CPU.Build.0 = Release|Any CPU
		{E0D48FF1-ADC6-4623-ABA1-07FD46CA2B9C}.Release|x64.ActiveCfg = Release|Any CPU
		{E0D48FF1-ADC6-4623-ABA1-07FD46CA2B9C}.Release|x64.Build.0 = Release|Any CPU
		{E0D48FF1-ADC6-4623-ABA1-07FD46CA2B9C}.Release|x86.ActiveCfg = Release|Any CPU
		{E0D48FF1-ADC6-4623-ABA1-07FD46CA2B9C}.Release|x86.Build.0 = Release|Any CPU
		{6A64477B-3B56-48A7-9DCE-2C1B3DEE9C0A}.Debug|Any CPU.ActiveCfg = Debug|Any CPU
		{6A64477B-3B56-48A7-9DCE-2C1B3DEE9C0A}.Debug|Any CPU.Build.0 = Debug|Any CPU
		{6A64477B-3B56-48A7-9DCE-2C1B3DEE9C0A}.Debug|x64.ActiveCfg = Debug|Any CPU
		{6A64477B-3B56-48A7-9DCE-2C1B3DEE9C0A}.Debug|x64.Build.0 = Debug|Any CPU
		{6A64477B-3B56-48A7-9DCE-2C1B3DEE9C0A}.Debug|x86.ActiveCfg = Debug|Any CPU
		{6A64477B-3B56-48A7-9DCE-2C1B3DEE9C0A}.Debug|x86.Build.0 = Debug|Any CPU
		{6A64477B-3B56-48A7-9DCE-2C1B3DEE9C0A}.Release|Any CPU.ActiveCfg = Release|Any CPU
		{6A64477B-3B56-48A7-9DCE-2C1B3DEE9C0A}.Release|Any CPU.Build.0 = Release|Any CPU
		{6A64477B-3B56-48A7-9DCE-2C1B3DEE9C0A}.Release|x64.ActiveCfg = Release|Any CPU
		{6A64477B-3B56-48A7-9DCE-2C1B3DEE9C0A}.Release|x64.Build.0 = Release|Any CPU
		{6A64477B-3B56-48A7-9DCE-2C1B3DEE9C0A}.Release|x86.ActiveCfg = Release|Any CPU
		{6A64477B-3B56-48A7-9DCE-2C1B3DEE9C0A}.Release|x86.Build.0 = Release|Any CPU
		{2BC86CD6-E5B1-4033-AD36-FA098F5F92DA}.Debug|Any CPU.ActiveCfg = Debug|Any CPU
		{2BC86CD6-E5B1-4033-AD36-FA098F5F92DA}.Debug|Any CPU.Build.0 = Debug|Any CPU
		{2BC86CD6-E5B1-4033-AD36-FA098F5F92DA}.Debug|x64.ActiveCfg = Debug|Any CPU
		{2BC86CD6-E5B1-4033-AD36-FA098F5F92DA}.Debug|x64.Build.0 = Debug|Any CPU
		{2BC86CD6-E5B1-4033-AD36-FA098F5F92DA}.Debug|x86.ActiveCfg = Debug|Any CPU
		{2BC86CD6-E5B1-4033-AD36-FA098F5F92DA}.Debug|x86.Build.0 = Debug|Any CPU
		{2BC86CD6-E5B1-4033-AD36-FA098F5F92DA}.Release|Any CPU.ActiveCfg = Release|Any CPU
		{2BC86CD6-E5B1-4033-AD36-FA098F5F92DA}.Release|Any CPU.Build.0 = Release|Any CPU
		{2BC86CD6-E5B1-4033-AD36-FA098F5F92DA}.Release|x64.ActiveCfg = Release|Any CPU
		{2BC86CD6-E5B1-4033-AD36-FA098F5F92DA}.Release|x64.Build.0 = Release|Any CPU
		{2BC86CD6-E5B1-4033-AD36-FA098F5F92DA}.Release|x86.ActiveCfg = Release|Any CPU
		{2BC86CD6-E5B1-4033-AD36-FA098F5F92DA}.Release|x86.Build.0 = Release|Any CPU
		{23169D2A-6016-4374-A3A2-A41C8CC6D35E}.Debug|Any CPU.ActiveCfg = Debug|Any CPU
		{23169D2A-6016-4374-A3A2-A41C8CC6D35E}.Debug|Any CPU.Build.0 = Debug|Any CPU
		{23169D2A-6016-4374-A3A2-A41C8CC6D35E}.Debug|x64.ActiveCfg = Debug|Any CPU
		{23169D2A-6016-4374-A3A2-A41C8CC6D35E}.Debug|x64.Build.0 = Debug|Any CPU
		{23169D2A-6016-4374-A3A2-A41C8CC6D35E}.Debug|x86.ActiveCfg = Debug|Any CPU
		{23169D2A-6016-4374-A3A2-A41C8CC6D35E}.Debug|x86.Build.0 = Debug|Any CPU
		{23169D2A-6016-4374-A3A2-A41C8CC6D35E}.Release|Any CPU.ActiveCfg = Release|Any CPU
		{23169D2A-6016-4374-A3A2-A41C8CC6D35E}.Release|Any CPU.Build.0 = Release|Any CPU
		{23169D2A-6016-4374-A3A2-A41C8CC6D35E}.Release|x64.ActiveCfg = Release|Any CPU
		{23169D2A-6016-4374-A3A2-A41C8CC6D35E}.Release|x64.Build.0 = Release|Any CPU
		{23169D2A-6016-4374-A3A2-A41C8CC6D35E}.Release|x86.ActiveCfg = Release|Any CPU
		{23169D2A-6016-4374-A3A2-A41C8CC6D35E}.Release|x86.Build.0 = Release|Any CPU
		{B6197944-9537-45D8-AA56-5715EB88FE74}.Debug|Any CPU.ActiveCfg = Debug|Any CPU
		{B6197944-9537-45D8-AA56-5715EB88FE74}.Debug|Any CPU.Build.0 = Debug|Any CPU
		{B6197944-9537-45D8-AA56-5715EB88FE74}.Debug|x64.ActiveCfg = Debug|Any CPU
		{B6197944-9537-45D8-AA56-5715EB88FE74}.Debug|x64.Build.0 = Debug|Any CPU
		{B6197944-9537-45D8-AA56-5715EB88FE74}.Debug|x86.ActiveCfg = Debug|Any CPU
		{B6197944-9537-45D8-AA56-5715EB88FE74}.Debug|x86.Build.0 = Debug|Any CPU
		{B6197944-9537-45D8-AA56-5715EB88FE74}.Release|Any CPU.ActiveCfg = Release|Any CPU
		{B6197944-9537-45D8-AA56-5715EB88FE74}.Release|Any CPU.Build.0 = Release|Any CPU
		{B6197944-9537-45D8-AA56-5715EB88FE74}.Release|x64.ActiveCfg = Release|Any CPU
		{B6197944-9537-45D8-AA56-5715EB88FE74}.Release|x64.Build.0 = Release|Any CPU
		{B6197944-9537-45D8-AA56-5715EB88FE74}.Release|x86.ActiveCfg = Release|Any CPU
		{B6197944-9537-45D8-AA56-5715EB88FE74}.Release|x86.Build.0 = Release|Any CPU
		{ACF54AD1-C610-4058-9FE0-592FB0573D17}.Debug|Any CPU.ActiveCfg = Debug|Any CPU
		{ACF54AD1-C610-4058-9FE0-592FB0573D17}.Debug|Any CPU.Build.0 = Debug|Any CPU
		{ACF54AD1-C610-4058-9FE0-592FB0573D17}.Debug|x64.ActiveCfg = Debug|Any CPU
		{ACF54AD1-C610-4058-9FE0-592FB0573D17}.Debug|x64.Build.0 = Debug|Any CPU
		{ACF54AD1-C610-4058-9FE0-592FB0573D17}.Debug|x86.ActiveCfg = Debug|Any CPU
		{ACF54AD1-C610-4058-9FE0-592FB0573D17}.Debug|x86.Build.0 = Debug|Any CPU
		{ACF54AD1-C610-4058-9FE0-592FB0573D17}.Release|Any CPU.ActiveCfg = Release|Any CPU
		{ACF54AD1-C610-4058-9FE0-592FB0573D17}.Release|Any CPU.Build.0 = Release|Any CPU
		{ACF54AD1-C610-4058-9FE0-592FB0573D17}.Release|x64.ActiveCfg = Release|Any CPU
		{ACF54AD1-C610-4058-9FE0-592FB0573D17}.Release|x64.Build.0 = Release|Any CPU
		{ACF54AD1-C610-4058-9FE0-592FB0573D17}.Release|x86.ActiveCfg = Release|Any CPU
		{ACF54AD1-C610-4058-9FE0-592FB0573D17}.Release|x86.Build.0 = Release|Any CPU
		{81F9FE80-42F6-4811-9DCC-3699B5139CA4}.Debug|Any CPU.ActiveCfg = Debug|Any CPU
		{81F9FE80-42F6-4811-9DCC-3699B5139CA4}.Debug|Any CPU.Build.0 = Debug|Any CPU
		{81F9FE80-42F6-4811-9DCC-3699B5139CA4}.Debug|x64.ActiveCfg = Debug|Any CPU
		{81F9FE80-42F6-4811-9DCC-3699B5139CA4}.Debug|x64.Build.0 = Debug|Any CPU
		{81F9FE80-42F6-4811-9DCC-3699B5139CA4}.Debug|x86.ActiveCfg = Debug|Any CPU
		{81F9FE80-42F6-4811-9DCC-3699B5139CA4}.Debug|x86.Build.0 = Debug|Any CPU
		{81F9FE80-42F6-4811-9DCC-3699B5139CA4}.Release|Any CPU.ActiveCfg = Release|Any CPU
		{81F9FE80-42F6-4811-9DCC-3699B5139CA4}.Release|Any CPU.Build.0 = Release|Any CPU
		{81F9FE80-42F6-4811-9DCC-3699B5139CA4}.Release|x64.ActiveCfg = Release|Any CPU
		{81F9FE80-42F6-4811-9DCC-3699B5139CA4}.Release|x64.Build.0 = Release|Any CPU
		{81F9FE80-42F6-4811-9DCC-3699B5139CA4}.Release|x86.ActiveCfg = Release|Any CPU
		{81F9FE80-42F6-4811-9DCC-3699B5139CA4}.Release|x86.Build.0 = Release|Any CPU
		{F2473B1F-A769-462D-84B5-5A1BDBA35E90}.Debug|Any CPU.ActiveCfg = Debug|Any CPU
		{F2473B1F-A769-462D-84B5-5A1BDBA35E90}.Debug|Any CPU.Build.0 = Debug|Any CPU
		{F2473B1F-A769-462D-84B5-5A1BDBA35E90}.Debug|x64.ActiveCfg = Debug|Any CPU
		{F2473B1F-A769-462D-84B5-5A1BDBA35E90}.Debug|x64.Build.0 = Debug|Any CPU
		{F2473B1F-A769-462D-84B5-5A1BDBA35E90}.Debug|x86.ActiveCfg = Debug|Any CPU
		{F2473B1F-A769-462D-84B5-5A1BDBA35E90}.Debug|x86.Build.0 = Debug|Any CPU
		{F2473B1F-A769-462D-84B5-5A1BDBA35E90}.Release|Any CPU.ActiveCfg = Release|Any CPU
		{F2473B1F-A769-462D-84B5-5A1BDBA35E90}.Release|Any CPU.Build.0 = Release|Any CPU
		{F2473B1F-A769-462D-84B5-5A1BDBA35E90}.Release|x64.ActiveCfg = Release|Any CPU
		{F2473B1F-A769-462D-84B5-5A1BDBA35E90}.Release|x64.Build.0 = Release|Any CPU
		{F2473B1F-A769-462D-84B5-5A1BDBA35E90}.Release|x86.ActiveCfg = Release|Any CPU
		{F2473B1F-A769-462D-84B5-5A1BDBA35E90}.Release|x86.Build.0 = Release|Any CPU
		{E2C09C44-6AC2-4BC5-94F9-8D574E1804EA}.Debug|Any CPU.ActiveCfg = Debug|Any CPU
		{E2C09C44-6AC2-4BC5-94F9-8D574E1804EA}.Debug|Any CPU.Build.0 = Debug|Any CPU
		{E2C09C44-6AC2-4BC5-94F9-8D574E1804EA}.Debug|x64.ActiveCfg = Debug|Any CPU
		{E2C09C44-6AC2-4BC5-94F9-8D574E1804EA}.Debug|x64.Build.0 = Debug|Any CPU
		{E2C09C44-6AC2-4BC5-94F9-8D574E1804EA}.Debug|x86.ActiveCfg = Debug|Any CPU
		{E2C09C44-6AC2-4BC5-94F9-8D574E1804EA}.Debug|x86.Build.0 = Debug|Any CPU
		{E2C09C44-6AC2-4BC5-94F9-8D574E1804EA}.Release|Any CPU.ActiveCfg = Release|Any CPU
		{E2C09C44-6AC2-4BC5-94F9-8D574E1804EA}.Release|Any CPU.Build.0 = Release|Any CPU
		{E2C09C44-6AC2-4BC5-94F9-8D574E1804EA}.Release|x64.ActiveCfg = Release|Any CPU
		{E2C09C44-6AC2-4BC5-94F9-8D574E1804EA}.Release|x64.Build.0 = Release|Any CPU
		{E2C09C44-6AC2-4BC5-94F9-8D574E1804EA}.Release|x86.ActiveCfg = Release|Any CPU
		{E2C09C44-6AC2-4BC5-94F9-8D574E1804EA}.Release|x86.Build.0 = Release|Any CPU
		{DC7F6BE7-FAAA-4FCD-BD2F-91FDEAB647B5}.Debug|Any CPU.ActiveCfg = Debug|Any CPU
		{DC7F6BE7-FAAA-4FCD-BD2F-91FDEAB647B5}.Debug|Any CPU.Build.0 = Debug|Any CPU
		{DC7F6BE7-FAAA-4FCD-BD2F-91FDEAB647B5}.Debug|x64.ActiveCfg = Debug|Any CPU
		{DC7F6BE7-FAAA-4FCD-BD2F-91FDEAB647B5}.Debug|x64.Build.0 = Debug|Any CPU
		{DC7F6BE7-FAAA-4FCD-BD2F-91FDEAB647B5}.Debug|x86.ActiveCfg = Debug|Any CPU
		{DC7F6BE7-FAAA-4FCD-BD2F-91FDEAB647B5}.Debug|x86.Build.0 = Debug|Any CPU
		{DC7F6BE7-FAAA-4FCD-BD2F-91FDEAB647B5}.Release|Any CPU.ActiveCfg = Release|Any CPU
		{DC7F6BE7-FAAA-4FCD-BD2F-91FDEAB647B5}.Release|Any CPU.Build.0 = Release|Any CPU
		{DC7F6BE7-FAAA-4FCD-BD2F-91FDEAB647B5}.Release|x64.ActiveCfg = Release|Any CPU
		{DC7F6BE7-FAAA-4FCD-BD2F-91FDEAB647B5}.Release|x64.Build.0 = Release|Any CPU
		{DC7F6BE7-FAAA-4FCD-BD2F-91FDEAB647B5}.Release|x86.ActiveCfg = Release|Any CPU
		{DC7F6BE7-FAAA-4FCD-BD2F-91FDEAB647B5}.Release|x86.Build.0 = Release|Any CPU
		{FBCDD49F-50FA-4561-ADB0-0467312EB1FB}.Debug|Any CPU.ActiveCfg = Debug|Any CPU
		{FBCDD49F-50FA-4561-ADB0-0467312EB1FB}.Debug|Any CPU.Build.0 = Debug|Any CPU
		{FBCDD49F-50FA-4561-ADB0-0467312EB1FB}.Debug|x64.ActiveCfg = Debug|Any CPU
		{FBCDD49F-50FA-4561-ADB0-0467312EB1FB}.Debug|x64.Build.0 = Debug|Any CPU
		{FBCDD49F-50FA-4561-ADB0-0467312EB1FB}.Debug|x86.ActiveCfg = Debug|Any CPU
		{FBCDD49F-50FA-4561-ADB0-0467312EB1FB}.Debug|x86.Build.0 = Debug|Any CPU
		{FBCDD49F-50FA-4561-ADB0-0467312EB1FB}.Release|Any CPU.ActiveCfg = Release|Any CPU
		{FBCDD49F-50FA-4561-ADB0-0467312EB1FB}.Release|Any CPU.Build.0 = Release|Any CPU
		{FBCDD49F-50FA-4561-ADB0-0467312EB1FB}.Release|x64.ActiveCfg = Release|Any CPU
		{FBCDD49F-50FA-4561-ADB0-0467312EB1FB}.Release|x64.Build.0 = Release|Any CPU
		{FBCDD49F-50FA-4561-ADB0-0467312EB1FB}.Release|x86.ActiveCfg = Release|Any CPU
		{FBCDD49F-50FA-4561-ADB0-0467312EB1FB}.Release|x86.Build.0 = Release|Any CPU
		{2DD62DE4-06EA-4908-B7BF-380816B53E09}.Debug|Any CPU.ActiveCfg = Debug|Any CPU
		{2DD62DE4-06EA-4908-B7BF-380816B53E09}.Debug|Any CPU.Build.0 = Debug|Any CPU
		{2DD62DE4-06EA-4908-B7BF-380816B53E09}.Debug|x64.ActiveCfg = Debug|Any CPU
		{2DD62DE4-06EA-4908-B7BF-380816B53E09}.Debug|x64.Build.0 = Debug|Any CPU
		{2DD62DE4-06EA-4908-B7BF-380816B53E09}.Debug|x86.ActiveCfg = Debug|Any CPU
		{2DD62DE4-06EA-4908-B7BF-380816B53E09}.Debug|x86.Build.0 = Debug|Any CPU
		{2DD62DE4-06EA-4908-B7BF-380816B53E09}.Release|Any CPU.ActiveCfg = Release|Any CPU
		{2DD62DE4-06EA-4908-B7BF-380816B53E09}.Release|Any CPU.Build.0 = Release|Any CPU
		{2DD62DE4-06EA-4908-B7BF-380816B53E09}.Release|x64.ActiveCfg = Release|Any CPU
		{2DD62DE4-06EA-4908-B7BF-380816B53E09}.Release|x64.Build.0 = Release|Any CPU
		{2DD62DE4-06EA-4908-B7BF-380816B53E09}.Release|x86.ActiveCfg = Release|Any CPU
		{2DD62DE4-06EA-4908-B7BF-380816B53E09}.Release|x86.Build.0 = Release|Any CPU
		{C193031F-57D8-41D8-8B30-439D50BA6470}.Debug|Any CPU.ActiveCfg = Debug|Any CPU
		{C193031F-57D8-41D8-8B30-439D50BA6470}.Debug|Any CPU.Build.0 = Debug|Any CPU
		{C193031F-57D8-41D8-8B30-439D50BA6470}.Debug|x64.ActiveCfg = Debug|Any CPU
		{C193031F-57D8-41D8-8B30-439D50BA6470}.Debug|x64.Build.0 = Debug|Any CPU
		{C193031F-57D8-41D8-8B30-439D50BA6470}.Debug|x86.ActiveCfg = Debug|Any CPU
		{C193031F-57D8-41D8-8B30-439D50BA6470}.Debug|x86.Build.0 = Debug|Any CPU
		{C193031F-57D8-41D8-8B30-439D50BA6470}.Release|Any CPU.ActiveCfg = Release|Any CPU
		{C193031F-57D8-41D8-8B30-439D50BA6470}.Release|Any CPU.Build.0 = Release|Any CPU
		{C193031F-57D8-41D8-8B30-439D50BA6470}.Release|x64.ActiveCfg = Release|Any CPU
		{C193031F-57D8-41D8-8B30-439D50BA6470}.Release|x64.Build.0 = Release|Any CPU
		{C193031F-57D8-41D8-8B30-439D50BA6470}.Release|x86.ActiveCfg = Release|Any CPU
		{C193031F-57D8-41D8-8B30-439D50BA6470}.Release|x86.Build.0 = Release|Any CPU
		{18111F9E-FD07-4488-84CC-F2D3F199D91E}.Debug|Any CPU.ActiveCfg = Debug|Any CPU
		{18111F9E-FD07-4488-84CC-F2D3F199D91E}.Debug|Any CPU.Build.0 = Debug|Any CPU
		{18111F9E-FD07-4488-84CC-F2D3F199D91E}.Debug|x64.ActiveCfg = Debug|Any CPU
		{18111F9E-FD07-4488-84CC-F2D3F199D91E}.Debug|x64.Build.0 = Debug|Any CPU
		{18111F9E-FD07-4488-84CC-F2D3F199D91E}.Debug|x86.ActiveCfg = Debug|Any CPU
		{18111F9E-FD07-4488-84CC-F2D3F199D91E}.Debug|x86.Build.0 = Debug|Any CPU
		{18111F9E-FD07-4488-84CC-F2D3F199D91E}.Release|Any CPU.ActiveCfg = Release|Any CPU
		{18111F9E-FD07-4488-84CC-F2D3F199D91E}.Release|Any CPU.Build.0 = Release|Any CPU
		{18111F9E-FD07-4488-84CC-F2D3F199D91E}.Release|x64.ActiveCfg = Release|Any CPU
		{18111F9E-FD07-4488-84CC-F2D3F199D91E}.Release|x64.Build.0 = Release|Any CPU
		{18111F9E-FD07-4488-84CC-F2D3F199D91E}.Release|x86.ActiveCfg = Release|Any CPU
		{18111F9E-FD07-4488-84CC-F2D3F199D91E}.Release|x86.Build.0 = Release|Any CPU
		{EF6CAEB4-92BD-4603-A581-58BA2D4A34D9}.Debug|Any CPU.ActiveCfg = Debug|Any CPU
		{EF6CAEB4-92BD-4603-A581-58BA2D4A34D9}.Debug|Any CPU.Build.0 = Debug|Any CPU
		{EF6CAEB4-92BD-4603-A581-58BA2D4A34D9}.Debug|x64.ActiveCfg = Debug|Any CPU
		{EF6CAEB4-92BD-4603-A581-58BA2D4A34D9}.Debug|x64.Build.0 = Debug|Any CPU
		{EF6CAEB4-92BD-4603-A581-58BA2D4A34D9}.Debug|x86.ActiveCfg = Debug|Any CPU
		{EF6CAEB4-92BD-4603-A581-58BA2D4A34D9}.Debug|x86.Build.0 = Debug|Any CPU
		{EF6CAEB4-92BD-4603-A581-58BA2D4A34D9}.Release|Any CPU.ActiveCfg = Release|Any CPU
		{EF6CAEB4-92BD-4603-A581-58BA2D4A34D9}.Release|Any CPU.Build.0 = Release|Any CPU
		{EF6CAEB4-92BD-4603-A581-58BA2D4A34D9}.Release|x64.ActiveCfg = Release|Any CPU
		{EF6CAEB4-92BD-4603-A581-58BA2D4A34D9}.Release|x64.Build.0 = Release|Any CPU
		{EF6CAEB4-92BD-4603-A581-58BA2D4A34D9}.Release|x86.ActiveCfg = Release|Any CPU
		{EF6CAEB4-92BD-4603-A581-58BA2D4A34D9}.Release|x86.Build.0 = Release|Any CPU
		{596F6F1C-263A-4E99-8C20-8E93766D9030}.Debug|Any CPU.ActiveCfg = Debug|Any CPU
		{596F6F1C-263A-4E99-8C20-8E93766D9030}.Debug|Any CPU.Build.0 = Debug|Any CPU
		{596F6F1C-263A-4E99-8C20-8E93766D9030}.Debug|x64.ActiveCfg = Debug|Any CPU
		{596F6F1C-263A-4E99-8C20-8E93766D9030}.Debug|x64.Build.0 = Debug|Any CPU
		{596F6F1C-263A-4E99-8C20-8E93766D9030}.Debug|x86.ActiveCfg = Debug|Any CPU
		{596F6F1C-263A-4E99-8C20-8E93766D9030}.Debug|x86.Build.0 = Debug|Any CPU
		{596F6F1C-263A-4E99-8C20-8E93766D9030}.Release|Any CPU.ActiveCfg = Release|Any CPU
		{596F6F1C-263A-4E99-8C20-8E93766D9030}.Release|Any CPU.Build.0 = Release|Any CPU
		{596F6F1C-263A-4E99-8C20-8E93766D9030}.Release|x64.ActiveCfg = Release|Any CPU
		{596F6F1C-263A-4E99-8C20-8E93766D9030}.Release|x64.Build.0 = Release|Any CPU
		{596F6F1C-263A-4E99-8C20-8E93766D9030}.Release|x86.ActiveCfg = Release|Any CPU
		{596F6F1C-263A-4E99-8C20-8E93766D9030}.Release|x86.Build.0 = Release|Any CPU
		{64EBF2D0-6FCA-4857-AA55-D59F6DEF927E}.Debug|Any CPU.ActiveCfg = Debug|Any CPU
		{64EBF2D0-6FCA-4857-AA55-D59F6DEF927E}.Debug|Any CPU.Build.0 = Debug|Any CPU
		{64EBF2D0-6FCA-4857-AA55-D59F6DEF927E}.Debug|x64.ActiveCfg = Debug|Any CPU
		{64EBF2D0-6FCA-4857-AA55-D59F6DEF927E}.Debug|x64.Build.0 = Debug|Any CPU
		{64EBF2D0-6FCA-4857-AA55-D59F6DEF927E}.Debug|x86.ActiveCfg = Debug|Any CPU
		{64EBF2D0-6FCA-4857-AA55-D59F6DEF927E}.Debug|x86.Build.0 = Debug|Any CPU
		{64EBF2D0-6FCA-4857-AA55-D59F6DEF927E}.Release|Any CPU.ActiveCfg = Release|Any CPU
		{64EBF2D0-6FCA-4857-AA55-D59F6DEF927E}.Release|Any CPU.Build.0 = Release|Any CPU
		{64EBF2D0-6FCA-4857-AA55-D59F6DEF927E}.Release|x64.ActiveCfg = Release|Any CPU
		{64EBF2D0-6FCA-4857-AA55-D59F6DEF927E}.Release|x64.Build.0 = Release|Any CPU
		{64EBF2D0-6FCA-4857-AA55-D59F6DEF927E}.Release|x86.ActiveCfg = Release|Any CPU
		{64EBF2D0-6FCA-4857-AA55-D59F6DEF927E}.Release|x86.Build.0 = Release|Any CPU
	EndGlobalSection
	GlobalSection(SolutionProperties) = preSolution
		HideSolutionNode = FALSE
	EndGlobalSection
	GlobalSection(NestedProjects) = preSolution
		{90298CBA-BD6F-3A0A-69D5-97CAD7B05E7E} = {827E0CD3-B72D-47B6-A68D-7590B98EB39B}
		{E0D48FF1-ADC6-4623-ABA1-07FD46CA2B9C} = {90298CBA-BD6F-3A0A-69D5-97CAD7B05E7E}
		{D587D8B4-E7C0-3FD6-56A9-41FC457B6096} = {827E0CD3-B72D-47B6-A68D-7590B98EB39B}
		{6A64477B-3B56-48A7-9DCE-2C1B3DEE9C0A} = {D587D8B4-E7C0-3FD6-56A9-41FC457B6096}
		{2BC86CD6-E5B1-4033-AD36-FA098F5F92DA} = {D587D8B4-E7C0-3FD6-56A9-41FC457B6096}
		{23169D2A-6016-4374-A3A2-A41C8CC6D35E} = {D587D8B4-E7C0-3FD6-56A9-41FC457B6096}
		{6646DC9B-45F7-597F-FD98-DC7F277572B1} = {827E0CD3-B72D-47B6-A68D-7590B98EB39B}
		{B6197944-9537-45D8-AA56-5715EB88FE74} = {6646DC9B-45F7-597F-FD98-DC7F277572B1}
		{ACF54AD1-C610-4058-9FE0-592FB0573D17} = {6646DC9B-45F7-597F-FD98-DC7F277572B1}
		{81F9FE80-42F6-4811-9DCC-3699B5139CA4} = {6646DC9B-45F7-597F-FD98-DC7F277572B1}
		{FE5F7021-A3C9-35C7-FF50-8DA81625868E} = {827E0CD3-B72D-47B6-A68D-7590B98EB39B}
		{F2473B1F-A769-462D-84B5-5A1BDBA35E90} = {FE5F7021-A3C9-35C7-FF50-8DA81625868E}
		{E2C09C44-6AC2-4BC5-94F9-8D574E1804EA} = {FE5F7021-A3C9-35C7-FF50-8DA81625868E}
		{DC7F6BE7-FAAA-4FCD-BD2F-91FDEAB647B5} = {FE5F7021-A3C9-35C7-FF50-8DA81625868E}
		{246CE465-68B6-F4C1-881F-E7FF61B43921} = {827E0CD3-B72D-47B6-A68D-7590B98EB39B}
		{FBCDD49F-50FA-4561-ADB0-0467312EB1FB} = {246CE465-68B6-F4C1-881F-E7FF61B43921}
		{2DD62DE4-06EA-4908-B7BF-380816B53E09} = {246CE465-68B6-F4C1-881F-E7FF61B43921}
		{C193031F-57D8-41D8-8B30-439D50BA6470} = {246CE465-68B6-F4C1-881F-E7FF61B43921}
		{83A65CD5-05B3-13B8-0D9F-3B72DC09378A} = {827E0CD3-B72D-47B6-A68D-7590B98EB39B}
		{18111F9E-FD07-4488-84CC-F2D3F199D91E} = {83A65CD5-05B3-13B8-0D9F-3B72DC09378A}
		{EF6CAEB4-92BD-4603-A581-58BA2D4A34D9} = {83A65CD5-05B3-13B8-0D9F-3B72DC09378A}
		{596F6F1C-263A-4E99-8C20-8E93766D9030} = {83A65CD5-05B3-13B8-0D9F-3B72DC09378A}
		{81034408-37C8-1011-444E-4C15C2FADA8E} = {827E0CD3-B72D-47B6-A68D-7590B98EB39B}
		{64EBF2D0-6FCA-4857-AA55-D59F6DEF927E} = {81034408-37C8-1011-444E-4C15C2FADA8E}
	EndGlobalSection
EndGlobal
